// !$*UTF8*$!
{
	archiveVersion = 1;
	classes = {
	};
	objectVersion = 56;
	objects = {

/* Begin PBXBuildFile section */
		F8DAA4B32AB8D5B100E04645 /* ITunesDomenModel.swift in Sources */ = {isa = PBXBuildFile; fileRef = F8DAA4B22AB8D5B100E04645 /* ITunesDomenModel.swift */; };
		F8DAA4B62AB8D63300E04645 /* SearchService.swift in Sources */ = {isa = PBXBuildFile; fileRef = F8DAA4B52AB8D63300E04645 /* SearchService.swift */; };
		F8DAA4BA2AB8E83200E04645 /* RequestsLoader.swift in Sources */ = {isa = PBXBuildFile; fileRef = F8DAA4B92AB8E83200E04645 /* RequestsLoader.swift */; };
		F8E37BF22AB8C24C00DC04D3 /* AppDelegate.swift in Sources */ = {isa = PBXBuildFile; fileRef = F8E37BF12AB8C24C00DC04D3 /* AppDelegate.swift */; };
		F8E37BF62AB8C24C00DC04D3 /* ViewController.swift in Sources */ = {isa = PBXBuildFile; fileRef = F8E37BF52AB8C24C00DC04D3 /* ViewController.swift */; };
		F8E37BFB2AB8C24E00DC04D3 /* Assets.xcassets in Resources */ = {isa = PBXBuildFile; fileRef = F8E37BFA2AB8C24E00DC04D3 /* Assets.xcassets */; };
		F8E37BFE2AB8C24E00DC04D3 /* LaunchScreen.storyboard in Resources */ = {isa = PBXBuildFile; fileRef = F8E37BFC2AB8C24E00DC04D3 /* LaunchScreen.storyboard */; };
		F8E37C092AB8C2DB00DC04D3 /* Requests.swift in Sources */ = {isa = PBXBuildFile; fileRef = F8E37C082AB8C2DB00DC04D3 /* Requests.swift */; };
		F8E37C0C2AB8C3B000DC04D3 /* URLRequestConvertibleType.swift in Sources */ = {isa = PBXBuildFile; fileRef = F8E37C0B2AB8C3B000DC04D3 /* URLRequestConvertibleType.swift */; };
		F8E37C0E2AB8C3EB00DC04D3 /* URLRequestType.swift in Sources */ = {isa = PBXBuildFile; fileRef = F8E37C0D2AB8C3EB00DC04D3 /* URLRequestType.swift */; };
		F8E37C122AB8C4DC00DC04D3 /* AppConstants.swift in Sources */ = {isa = PBXBuildFile; fileRef = F8E37C112AB8C4DC00DC04D3 /* AppConstants.swift */; };
		F8E37C142AB8C59000DC04D3 /* AppError.swift in Sources */ = {isa = PBXBuildFile; fileRef = F8E37C132AB8C59000DC04D3 /* AppError.swift */; };
/* End PBXBuildFile section */

/* Begin PBXFileReference section */
		F8DAA4B22AB8D5B100E04645 /* ITunesDomenModel.swift */ = {isa = PBXFileReference; lastKnownFileType = sourcecode.swift; path = ITunesDomenModel.swift; sourceTree = "<group>"; };
		F8DAA4B52AB8D63300E04645 /* SearchService.swift */ = {isa = PBXFileReference; lastKnownFileType = sourcecode.swift; path = SearchService.swift; sourceTree = "<group>"; };
		F8DAA4B92AB8E83200E04645 /* RequestsLoader.swift */ = {isa = PBXFileReference; lastKnownFileType = sourcecode.swift; path = RequestsLoader.swift; sourceTree = "<group>"; };
		F8E37BEE2AB8C24C00DC04D3 /* AppStoreSearch_NewConcurrency.app */ = {isa = PBXFileReference; explicitFileType = wrapper.application; includeInIndex = 0; path = AppStoreSearch_NewConcurrency.app; sourceTree = BUILT_PRODUCTS_DIR; };
		F8E37BF12AB8C24C00DC04D3 /* AppDelegate.swift */ = {isa = PBXFileReference; lastKnownFileType = sourcecode.swift; path = AppDelegate.swift; sourceTree = "<group>"; };
		F8E37BF52AB8C24C00DC04D3 /* ViewController.swift */ = {isa = PBXFileReference; lastKnownFileType = sourcecode.swift; path = ViewController.swift; sourceTree = "<group>"; };
		F8E37BFA2AB8C24E00DC04D3 /* Assets.xcassets */ = {isa = PBXFileReference; lastKnownFileType = folder.assetcatalog; path = Assets.xcassets; sourceTree = "<group>"; };
		F8E37BFD2AB8C24E00DC04D3 /* Base */ = {isa = PBXFileReference; lastKnownFileType = file.storyboard; name = Base; path = Base.lproj/LaunchScreen.storyboard; sourceTree = "<group>"; };
		F8E37BFF2AB8C24E00DC04D3 /* Info.plist */ = {isa = PBXFileReference; lastKnownFileType = text.plist.xml; path = Info.plist; sourceTree = "<group>"; };
		F8E37C082AB8C2DB00DC04D3 /* Requests.swift */ = {isa = PBXFileReference; lastKnownFileType = sourcecode.swift; path = Requests.swift; sourceTree = "<group>"; };
		F8E37C0B2AB8C3B000DC04D3 /* URLRequestConvertibleType.swift */ = {isa = PBXFileReference; lastKnownFileType = sourcecode.swift; path = URLRequestConvertibleType.swift; sourceTree = "<group>"; };
		F8E37C0D2AB8C3EB00DC04D3 /* URLRequestType.swift */ = {isa = PBXFileReference; lastKnownFileType = sourcecode.swift; path = URLRequestType.swift; sourceTree = "<group>"; };
		F8E37C112AB8C4DC00DC04D3 /* AppConstants.swift */ = {isa = PBXFileReference; lastKnownFileType = sourcecode.swift; path = AppConstants.swift; sourceTree = "<group>"; };
		F8E37C132AB8C59000DC04D3 /* AppError.swift */ = {isa = PBXFileReference; lastKnownFileType = sourcecode.swift; path = AppError.swift; sourceTree = "<group>"; };
/* End PBXFileReference section */

/* Begin PBXFrameworksBuildPhase section */
		F8E37BEB2AB8C24C00DC04D3 /* Frameworks */ = {
			isa = PBXFrameworksBuildPhase;
			buildActionMask = 2147483647;
			files = (
			);
			runOnlyForDeploymentPostprocessing = 0;
		};
/* End PBXFrameworksBuildPhase section */

/* Begin PBXGroup section */
		F8DAA4B12AB8D59600E04645 /* DomenModel */ = {
			isa = PBXGroup;
			children = (
				F8DAA4B22AB8D5B100E04645 /* ITunesDomenModel.swift */,
			);
			path = DomenModel;
			sourceTree = "<group>";
		};
		F8DAA4B42AB8D62200E04645 /* Services */ = {
			isa = PBXGroup;
			children = (
				F8DAA4B92AB8E83200E04645 /* RequestsLoader.swift */,
				F8DAA4B52AB8D63300E04645 /* SearchService.swift */,
			);
			path = Services;
			sourceTree = "<group>";
		};
		F8DAA4B72AB8D68200E04645 /* Modules */ = {
			isa = PBXGroup;
			children = (
				F8DAA4B82AB8D68F00E04645 /* SearchModule */,
			);
			path = Modules;
			sourceTree = "<group>";
		};
		F8DAA4B82AB8D68F00E04645 /* SearchModule */ = {
			isa = PBXGroup;
			children = (
				F8E37BF52AB8C24C00DC04D3 /* ViewController.swift */,
			);
			path = SearchModule;
			sourceTree = "<group>";
		};
		F8E37BE52AB8C24C00DC04D3 = {
			isa = PBXGroup;
			children = (
				F8E37BF02AB8C24C00DC04D3 /* App */,
				F8E37BEF2AB8C24C00DC04D3 /* Products */,
			);
			sourceTree = "<group>";
		};
		F8E37BEF2AB8C24C00DC04D3 /* Products */ = {
			isa = PBXGroup;
			children = (
				F8E37BEE2AB8C24C00DC04D3 /* AppStoreSearch_NewConcurrency.app */,
			);
			name = Products;
			sourceTree = "<group>";
		};
		F8E37BF02AB8C24C00DC04D3 /* App */ = {
			isa = PBXGroup;
			children = (
				F8E37C052AB8C27100DC04D3 /* Helper */,
				F8E37C102AB8C49F00DC04D3 /* Resources */,
				F8E37C072AB8C2B700DC04D3 /* ServiceLayer */,
				F8DAA4B72AB8D68200E04645 /* Modules */,
			);
			path = App;
			sourceTree = "<group>";
		};
		F8E37C052AB8C27100DC04D3 /* Helper */ = {
			isa = PBXGroup;
			children = (
				F8E37C0A2AB8C34100DC04D3 /* AppDelegate */,
				F8E37BFC2AB8C24E00DC04D3 /* LaunchScreen.storyboard */,
				F8E37BFF2AB8C24E00DC04D3 /* Info.plist */,
			);
			path = Helper;
			sourceTree = "<group>";
		};
		F8E37C062AB8C29A00DC04D3 /* Assets */ = {
			isa = PBXGroup;
			children = (
				F8E37BFA2AB8C24E00DC04D3 /* Assets.xcassets */,
			);
			path = Assets;
			sourceTree = "<group>";
		};
		F8E37C072AB8C2B700DC04D3 /* ServiceLayer */ = {
			isa = PBXGroup;
			children = (
				F8E37C0F2AB8C40500DC04D3 /* Support */,
				F8E37C152AB8C6D100DC04D3 /* Requests */,
				F8DAA4B42AB8D62200E04645 /* Services */,
			);
			path = ServiceLayer;
			sourceTree = "<group>";
		};
		F8E37C0A2AB8C34100DC04D3 /* AppDelegate */ = {
			isa = PBXGroup;
			children = (
				F8E37BF12AB8C24C00DC04D3 /* AppDelegate.swift */,
			);
			path = AppDelegate;
			sourceTree = "<group>";
		};
		F8E37C0F2AB8C40500DC04D3 /* Support */ = {
			isa = PBXGroup;
			children = (
				F8E37C0D2AB8C3EB00DC04D3 /* URLRequestType.swift */,
				F8E37C0B2AB8C3B000DC04D3 /* URLRequestConvertibleType.swift */,
				F8E37C132AB8C59000DC04D3 /* AppError.swift */,
			);
			path = Support;
			sourceTree = "<group>";
		};
		F8E37C102AB8C49F00DC04D3 /* Resources */ = {
			isa = PBXGroup;
			children = (
				F8E37C112AB8C4DC00DC04D3 /* AppConstants.swift */,
				F8DAA4B12AB8D59600E04645 /* DomenModel */,
				F8E37C062AB8C29A00DC04D3 /* Assets */,
			);
			path = Resources;
			sourceTree = "<group>";
		};
		F8E37C152AB8C6D100DC04D3 /* Requests */ = {
			isa = PBXGroup;
			children = (
				F8E37C082AB8C2DB00DC04D3 /* Requests.swift */,
			);
			name = Requests;
			sourceTree = "<group>";
		};
/* End PBXGroup section */

/* Begin PBXNativeTarget section */
		F8E37BED2AB8C24C00DC04D3 /* AppStoreSearch_NewConcurrency */ = {
			isa = PBXNativeTarget;
			buildConfigurationList = F8E37C022AB8C24E00DC04D3 /* Build configuration list for PBXNativeTarget "AppStoreSearch_NewConcurrency" */;
			buildPhases = (
				F8E37BEA2AB8C24C00DC04D3 /* Sources */,
				F8E37BEB2AB8C24C00DC04D3 /* Frameworks */,
				F8E37BEC2AB8C24C00DC04D3 /* Resources */,
			);
			buildRules = (
			);
			dependencies = (
			);
			name = AppStoreSearch_NewConcurrency;
			productName = AppStoreSearch_NewConcurrency;
			productReference = F8E37BEE2AB8C24C00DC04D3 /* AppStoreSearch_NewConcurrency.app */;
			productType = "com.apple.product-type.application";
		};
/* End PBXNativeTarget section */

/* Begin PBXProject section */
		F8E37BE62AB8C24C00DC04D3 /* Project object */ = {
			isa = PBXProject;
			attributes = {
				BuildIndependentTargetsInParallel = 1;
				LastSwiftUpdateCheck = 1500;
				LastUpgradeCheck = 1500;
				TargetAttributes = {
					F8E37BED2AB8C24C00DC04D3 = {
						CreatedOnToolsVersion = 15.0;
					};
				};
			};
			buildConfigurationList = F8E37BE92AB8C24C00DC04D3 /* Build configuration list for PBXProject "AppStoreSearch" */;
			compatibilityVersion = "Xcode 14.0";
			developmentRegion = en;
			hasScannedForEncodings = 0;
			knownRegions = (
				en,
				Base,
			);
			mainGroup = F8E37BE52AB8C24C00DC04D3;
			productRefGroup = F8E37BEF2AB8C24C00DC04D3 /* Products */;
			projectDirPath = "";
			projectRoot = "";
			targets = (
				F8E37BED2AB8C24C00DC04D3 /* AppStoreSearch_NewConcurrency */,
			);
		};
/* End PBXProject section */

/* Begin PBXResourcesBuildPhase section */
		F8E37BEC2AB8C24C00DC04D3 /* Resources */ = {
			isa = PBXResourcesBuildPhase;
			buildActionMask = 2147483647;
			files = (
				F8E37BFE2AB8C24E00DC04D3 /* LaunchScreen.storyboard in Resources */,
				F8E37BFB2AB8C24E00DC04D3 /* Assets.xcassets in Resources */,
			);
			runOnlyForDeploymentPostprocessing = 0;
		};
/* End PBXResourcesBuildPhase section */

/* Begin PBXSourcesBuildPhase section */
		F8E37BEA2AB8C24C00DC04D3 /* Sources */ = {
			isa = PBXSourcesBuildPhase;
			buildActionMask = 2147483647;
			files = (
				F8DAA4B62AB8D63300E04645 /* SearchService.swift in Sources */,
				F8E37BF62AB8C24C00DC04D3 /* ViewController.swift in Sources */,
				F8E37C142AB8C59000DC04D3 /* AppError.swift in Sources */,
				F8E37BF22AB8C24C00DC04D3 /* AppDelegate.swift in Sources */,
				F8DAA4BA2AB8E83200E04645 /* RequestsLoader.swift in Sources */,
				F8E37C0C2AB8C3B000DC04D3 /* URLRequestConvertibleType.swift in Sources */,
				F8E37C092AB8C2DB00DC04D3 /* Requests.swift in Sources */,
				F8DAA4B32AB8D5B100E04645 /* ITunesDomenModel.swift in Sources */,
				F8E37C122AB8C4DC00DC04D3 /* AppConstants.swift in Sources */,
				F8E37C0E2AB8C3EB00DC04D3 /* URLRequestType.swift in Sources */,
			);
			runOnlyForDeploymentPostprocessing = 0;
		};
/* End PBXSourcesBuildPhase section */

/* Begin PBXVariantGroup section */
		F8E37BFC2AB8C24E00DC04D3 /* LaunchScreen.storyboard */ = {
			isa = PBXVariantGroup;
			children = (
				F8E37BFD2AB8C24E00DC04D3 /* Base */,
			);
			name = LaunchScreen.storyboard;
			sourceTree = "<group>";
		};
/* End PBXVariantGroup section */

/* Begin XCBuildConfiguration section */
		F8E37C002AB8C24E00DC04D3 /* Debug */ = {
			isa = XCBuildConfiguration;
			buildSettings = {
				ALWAYS_SEARCH_USER_PATHS = NO;
				ASSETCATALOG_COMPILER_GENERATE_SWIFT_ASSET_SYMBOL_EXTENSIONS = YES;
				CLANG_ANALYZER_NONNULL = YES;
				CLANG_ANALYZER_NUMBER_OBJECT_CONVERSION = YES_AGGRESSIVE;
				CLANG_CXX_LANGUAGE_STANDARD = "gnu++20";
				CLANG_ENABLE_MODULES = YES;
				CLANG_ENABLE_OBJC_ARC = YES;
				CLANG_ENABLE_OBJC_WEAK = YES;
				CLANG_WARN_BLOCK_CAPTURE_AUTORELEASING = YES;
				CLANG_WARN_BOOL_CONVERSION = YES;
				CLANG_WARN_COMMA = YES;
				CLANG_WARN_CONSTANT_CONVERSION = YES;
				CLANG_WARN_DEPRECATED_OBJC_IMPLEMENTATIONS = YES;
				CLANG_WARN_DIRECT_OBJC_ISA_USAGE = YES_ERROR;
				CLANG_WARN_DOCUMENTATION_COMMENTS = YES;
				CLANG_WARN_EMPTY_BODY = YES;
				CLANG_WARN_ENUM_CONVERSION = YES;
				CLANG_WARN_INFINITE_RECURSION = YES;
				CLANG_WARN_INT_CONVERSION = YES;
				CLANG_WARN_NON_LITERAL_NULL_CONVERSION = YES;
				CLANG_WARN_OBJC_IMPLICIT_RETAIN_SELF = YES;
				CLANG_WARN_OBJC_LITERAL_CONVERSION = YES;
				CLANG_WARN_OBJC_ROOT_CLASS = YES_ERROR;
				CLANG_WARN_QUOTED_INCLUDE_IN_FRAMEWORK_HEADER = YES;
				CLANG_WARN_RANGE_LOOP_ANALYSIS = YES;
				CLANG_WARN_STRICT_PROTOTYPES = YES;
				CLANG_WARN_SUSPICIOUS_MOVE = YES;
				CLANG_WARN_UNGUARDED_AVAILABILITY = YES_AGGRESSIVE;
				CLANG_WARN_UNREACHABLE_CODE = YES;
				CLANG_WARN__DUPLICATE_METHOD_MATCH = YES;
				COPY_PHASE_STRIP = NO;
				DEBUG_INFORMATION_FORMAT = dwarf;
				ENABLE_STRICT_OBJC_MSGSEND = YES;
				ENABLE_TESTABILITY = YES;
				ENABLE_USER_SCRIPT_SANDBOXING = YES;
				GCC_C_LANGUAGE_STANDARD = gnu17;
				GCC_DYNAMIC_NO_PIC = NO;
				GCC_NO_COMMON_BLOCKS = YES;
				GCC_OPTIMIZATION_LEVEL = 0;
				GCC_PREPROCESSOR_DEFINITIONS = (
					"DEBUG=1",
					"$(inherited)",
				);
				GCC_WARN_64_TO_32_BIT_CONVERSION = YES;
				GCC_WARN_ABOUT_RETURN_TYPE = YES_ERROR;
				GCC_WARN_UNDECLARED_SELECTOR = YES;
				GCC_WARN_UNINITIALIZED_AUTOS = YES_AGGRESSIVE;
				GCC_WARN_UNUSED_FUNCTION = YES;
				GCC_WARN_UNUSED_VARIABLE = YES;
				IPHONEOS_DEPLOYMENT_TARGET = 17.0;
				LOCALIZATION_PREFERS_STRING_CATALOGS = YES;
				MTL_ENABLE_DEBUG_INFO = INCLUDE_SOURCE;
				MTL_FAST_MATH = YES;
				ONLY_ACTIVE_ARCH = YES;
				SDKROOT = iphoneos;
				SWIFT_ACTIVE_COMPILATION_CONDITIONS = "DEBUG $(inherited)";
				SWIFT_OPTIMIZATION_LEVEL = "-Onone";
			};
			name = Debug;
		};
		F8E37C012AB8C24E00DC04D3 /* Release */ = {
			isa = XCBuildConfiguration;
			buildSettings = {
				ALWAYS_SEARCH_USER_PATHS = NO;
				ASSETCATALOG_COMPILER_GENERATE_SWIFT_ASSET_SYMBOL_EXTENSIONS = YES;
				CLANG_ANALYZER_NONNULL = YES;
				CLANG_ANALYZER_NUMBER_OBJECT_CONVERSION = YES_AGGRESSIVE;
				CLANG_CXX_LANGUAGE_STANDARD = "gnu++20";
				CLANG_ENABLE_MODULES = YES;
				CLANG_ENABLE_OBJC_ARC = YES;
				CLANG_ENABLE_OBJC_WEAK = YES;
				CLANG_WARN_BLOCK_CAPTURE_AUTORELEASING = YES;
				CLANG_WARN_BOOL_CONVERSION = YES;
				CLANG_WARN_COMMA = YES;
				CLANG_WARN_CONSTANT_CONVERSION = YES;
				CLANG_WARN_DEPRECATED_OBJC_IMPLEMENTATIONS = YES;
				CLANG_WARN_DIRECT_OBJC_ISA_USAGE = YES_ERROR;
				CLANG_WARN_DOCUMENTATION_COMMENTS = YES;
				CLANG_WARN_EMPTY_BODY = YES;
				CLANG_WARN_ENUM_CONVERSION = YES;
				CLANG_WARN_INFINITE_RECURSION = YES;
				CLANG_WARN_INT_CONVERSION = YES;
				CLANG_WARN_NON_LITERAL_NULL_CONVERSION = YES;
				CLANG_WARN_OBJC_IMPLICIT_RETAIN_SELF = YES;
				CLANG_WARN_OBJC_LITERAL_CONVERSION = YES;
				CLANG_WARN_OBJC_ROOT_CLASS = YES_ERROR;
				CLANG_WARN_QUOTED_INCLUDE_IN_FRAMEWORK_HEADER = YES;
				CLANG_WARN_RANGE_LOOP_ANALYSIS = YES;
				CLANG_WARN_STRICT_PROTOTYPES = YES;
				CLANG_WARN_SUSPICIOUS_MOVE = YES;
				CLANG_WARN_UNGUARDED_AVAILABILITY = YES_AGGRESSIVE;
				CLANG_WARN_UNREACHABLE_CODE = YES;
				CLANG_WARN__DUPLICATE_METHOD_MATCH = YES;
				COPY_PHASE_STRIP = NO;
				DEBUG_INFORMATION_FORMAT = "dwarf-with-dsym";
				ENABLE_NS_ASSERTIONS = NO;
				ENABLE_STRICT_OBJC_MSGSEND = YES;
				ENABLE_USER_SCRIPT_SANDBOXING = YES;
				GCC_C_LANGUAGE_STANDARD = gnu17;
				GCC_NO_COMMON_BLOCKS = YES;
				GCC_WARN_64_TO_32_BIT_CONVERSION = YES;
				GCC_WARN_ABOUT_RETURN_TYPE = YES_ERROR;
				GCC_WARN_UNDECLARED_SELECTOR = YES;
				GCC_WARN_UNINITIALIZED_AUTOS = YES_AGGRESSIVE;
				GCC_WARN_UNUSED_FUNCTION = YES;
				GCC_WARN_UNUSED_VARIABLE = YES;
				IPHONEOS_DEPLOYMENT_TARGET = 17.0;
				LOCALIZATION_PREFERS_STRING_CATALOGS = YES;
				MTL_ENABLE_DEBUG_INFO = NO;
				MTL_FAST_MATH = YES;
				SDKROOT = iphoneos;
				SWIFT_COMPILATION_MODE = wholemodule;
				VALIDATE_PRODUCT = YES;
			};
			name = Release;
		};
		F8E37C032AB8C24E00DC04D3 /* Debug */ = {
			isa = XCBuildConfiguration;
			buildSettings = {
				ASSETCATALOG_COMPILER_APPICON_NAME = AppIcon;
				ASSETCATALOG_COMPILER_GLOBAL_ACCENT_COLOR_NAME = AccentColor;
				CODE_SIGN_STYLE = Automatic;
				CURRENT_PROJECT_VERSION = 1;
				DEVELOPMENT_TEAM = L73658N795;
				GENERATE_INFOPLIST_FILE = YES;
				INFOPLIST_FILE = App/Helper/Info.plist;
				INFOPLIST_KEY_UIApplicationSupportsIndirectInputEvents = YES;
				INFOPLIST_KEY_UILaunchStoryboardName = LaunchScreen;
				INFOPLIST_KEY_UIMainStoryboardFile = "";
				INFOPLIST_KEY_UISupportedInterfaceOrientations_iPad = "UIInterfaceOrientationPortrait UIInterfaceOrientationPortraitUpsideDown UIInterfaceOrientationLandscapeLeft UIInterfaceOrientationLandscapeRight";
				INFOPLIST_KEY_UISupportedInterfaceOrientations_iPhone = "UIInterfaceOrientationPortrait UIInterfaceOrientationLandscapeLeft UIInterfaceOrientationLandscapeRight";
				LD_RUNPATH_SEARCH_PATHS = (
					"$(inherited)",
					"@executable_path/Frameworks",
				);
				MARKETING_VERSION = 1.0;
				PRODUCT_BUNDLE_IDENTIFIER = "com.lie.bt.AppStoreSearch-NewConcurrency";
				PRODUCT_NAME = "$(TARGET_NAME)";
				SUPPORTED_PLATFORMS = "iphoneos iphonesimulator";
				SUPPORTS_MACCATALYST = NO;
				SUPPORTS_MAC_DESIGNED_FOR_IPHONE_IPAD = NO;
				SWIFT_EMIT_LOC_STRINGS = YES;
				SWIFT_VERSION = 5.0;
				TARGETED_DEVICE_FAMILY = 1;
			};
			name = Debug;
		};
		F8E37C042AB8C24E00DC04D3 /* Release */ = {
			isa = XCBuildConfiguration;
			buildSettings = {
				ASSETCATALOG_COMPILER_APPICON_NAME = AppIcon;
				ASSETCATALOG_COMPILER_GLOBAL_ACCENT_COLOR_NAME = AccentColor;
				CODE_SIGN_STYLE = Automatic;
				CURRENT_PROJECT_VERSION = 1;
				DEVELOPMENT_TEAM = L73658N795;
				GENERATE_INFOPLIST_FILE = YES;
				INFOPLIST_FILE = App/Helper/Info.plist;
				INFOPLIST_KEY_UIApplicationSupportsIndirectInputEvents = YES;
				INFOPLIST_KEY_UILaunchStoryboardName = LaunchScreen;
				INFOPLIST_KEY_UIMainStoryboardFile = "";
				INFOPLIST_KEY_UISupportedInterfaceOrientations_iPad = "UIInterfaceOrientationPortrait UIInterfaceOrientationPortraitUpsideDown UIInterfaceOrientationLandscapeLeft UIInterfaceOrientationLandscapeRight";
				INFOPLIST_KEY_UISupportedInterfaceOrientations_iPhone = "UIInterfaceOrientationPortrait UIInterfaceOrientationLandscapeLeft UIInterfaceOrientationLandscapeRight";
				LD_RUNPATH_SEARCH_PATHS = (
					"$(inherited)",
					"@executable_path/Frameworks",
				);
				MARKETING_VERSION = 1.0;
				PRODUCT_BUNDLE_IDENTIFIER = "com.lie.bt.AppStoreSearch-NewConcurrency";
				PRODUCT_NAME = "$(TARGET_NAME)";
				SUPPORTED_PLATFORMS = "iphoneos iphonesimulator";
				SUPPORTS_MACCATALYST = NO;
				SUPPORTS_MAC_DESIGNED_FOR_IPHONE_IPAD = NO;
				SWIFT_EMIT_LOC_STRINGS = YES;
				SWIFT_VERSION = 5.0;
				TARGETED_DEVICE_FAMILY = 1;
			};
			name = Release;
		};
/* End XCBuildConfiguration section */

/* Begin XCConfigurationList section */
		F8E37BE92AB8C24C00DC04D3 /* Build configuration list for PBXProject "AppStoreSearch" */ = {
			isa = XCConfigurationList;
			buildConfigurations = (
				F8E37C002AB8C24E00DC04D3 /* Debug */,
				F8E37C012AB8C24E00DC04D3 /* Release */,
			);
			defaultConfigurationIsVisible = 0;
			defaultConfigurationName = Release;
		};
		F8E37C022AB8C24E00DC04D3 /* Build configuration list for PBXNativeTarget "AppStoreSearch_NewConcurrency" */ = {
			isa = XCConfigurationList;
			buildConfigurations = (
				F8E37C032AB8C24E00DC04D3 /* Debug */,
				F8E37C042AB8C24E00DC04D3 /* Release */,
			);
			defaultConfigurationIsVisible = 0;
			defaultConfigurationName = Release;
		};
/* End XCConfigurationList section */
	};
	rootObject = F8E37BE62AB8C24C00DC04D3 /* Project object */;
}
